
Microsoft Visual Studio Solution File, Format Version 12.00
# Visual Studio Version 17
VisualStudioVersion = 17.14.36717.8
MinimumVisualStudioVersion = 10.0.40219.1
Project("{2150E333-8FDC-42A3-9474-1A3956D46DE8}") = "Task0", "Task0", "{02EA681E-C7D8-13C7-8484-4AC65E1B71E8}"
EndProject
Project("{FAE04EC0-301F-11D3-BF4B-00C04F79EFBC}") = "Tyuiu.PlesovskikhBA.Sprint5.Task0.V25", "Tyuiu.PlesovskikhBA.Sprint5.Task0.V25\Tyuiu.PlesovskikhBA.Sprint5.Task0.V25.csproj", "{18A83E81-4B74-4FAC-A8DE-4109B3B9C69F}"
EndProject
Project("{FAE04EC0-301F-11D3-BF4B-00C04F79EFBC}") = "Tyuiu.PlesovskikhBA.Sprint5.Task0.V25.Lib", "Tyuiu.PlesovskikhBA.Sprint5.Task0.V25.Lib\Tyuiu.PlesovskikhBA.Sprint5.Task0.V25.Lib.csproj", "{51AC7362-4345-4783-B731-EB35E1C16945}"
EndProject
Project("{FAE04EC0-301F-11D3-BF4B-00C04F79EFBC}") = "Tyuiu.PlesovskikhBA.Sprint5.Task0.V25.Test", "Tyuiu.PlesovskikhBA.Sprint5.Task0.V25.Test\Tyuiu.PlesovskikhBA.Sprint5.Task0.V25.Test.csproj", "{4B78FDB9-9784-4080-9CF5-601C5E9AE7E4}"
EndProject
Project("{2150E333-8FDC-42A3-9474-1A3956D46DE8}") = "Task1", "Task1", "{5BEB93C1-2019-423A-ADB0-6C972666FAEF}"
EndProject
Project("{FAE04EC0-301F-11D3-BF4B-00C04F79EFBC}") = "Tyuiu.PlesovskikhBA.Sprint5.Task1.V29", "Tyuiu.PlesovskikhBA.Sprint5.Task1.V29\Tyuiu.PlesovskikhBA.Sprint5.Task1.V29.csproj", "{E406B7E4-0D6E-46A5-AC15-2F6364A8D3B7}"
EndProject
Project("{FAE04EC0-301F-11D3-BF4B-00C04F79EFBC}") = "Tyuiu.PlesovskikhBA.Sprint5.Task1.V29.Lib", "Tyuiu.PlesovskikhBA.Sprint5.Task1.V29.Lib\Tyuiu.PlesovskikhBA.Sprint5.Task1.V29.Lib.csproj", "{69ABBFFA-C2DD-4A50-AE3D-38FE04B662C5}"
EndProject
Project("{FAE04EC0-301F-11D3-BF4B-00C04F79EFBC}") = "Tyuiu.PlesovskikhBA.Sprint5.Task1.V29.Test", "Tyuiu.PlesovskikhBA.Sprint5.Task1.V29.Test\Tyuiu.PlesovskikhBA.Sprint5.Task1.V29.Test.csproj", "{235790AB-5FA6-4B9D-A318-113817711EE3}"
EndProject
Project("{2150E333-8FDC-42A3-9474-1A3956D46DE8}") = "Task2", "Task2", "{69C3C67A-E7C6-451E-8E45-B56F5821C727}"
EndProject
Project("{FAE04EC0-301F-11D3-BF4B-00C04F79EFBC}") = "Tyuiu.PlesovskikhBA.Sprint5.Task2.V20", "Tyuiu.PlesovskikhBA.Sprint5.Task2.V20\Tyuiu.PlesovskikhBA.Sprint5.Task2.V20.csproj", "{1551F346-8F53-4D38-AB94-A3C5A6761829}"
EndProject
Project("{FAE04EC0-301F-11D3-BF4B-00C04F79EFBC}") = "Tyuiu.PlesovskikhBA.Sprint5.Task2.V20.Lib", "Tyuiu.PlesovskikhBA.Sprint5.Task2.V20.Lib\Tyuiu.PlesovskikhBA.Sprint5.Task2.V20.Lib.csproj", "{A1AD432C-5336-4E30-9640-CD3B782D42A8}"
EndProject
Project("{FAE04EC0-301F-11D3-BF4B-00C04F79EFBC}") = "Tyuiu.PlesovskikhBA.Sprint5.Task2.V20.Test", "Tyuiu.PlesovskikhBA.Sprint5.Task2.V20.Test\Tyuiu.PlesovskikhBA.Sprint5.Task2.V20.Test.csproj", "{25875062-8BC4-4982-9DCC-7D753C40E381}"
EndProject
Project("{2150E333-8FDC-42A3-9474-1A3956D46DE8}") = "Task3", "Task3", "{3E4BA22C-FA98-437A-8807-75F79140102B}"
EndProject
Project("{FAE04EC0-301F-11D3-BF4B-00C04F79EFBC}") = "Tyuiu.PlesovskikhBA.Sprint5.Task3.V14", "Tyuiu.PlesovskikhBA.Sprint5.Task3.V14\Tyuiu.PlesovskikhBA.Sprint5.Task3.V14.csproj", "{F28AE8B8-9874-4E47-95CB-CD43AD7DDAED}"
EndProject
Project("{FAE04EC0-301F-11D3-BF4B-00C04F79EFBC}") = "Tyuiu.PlesovskikhBA.Sprint5.Task3.V14.Lib", "Tyuiu.PlesovskikhBA.Sprint5.Task3.V14.Lib\Tyuiu.PlesovskikhBA.Sprint5.Task3.V14.Lib.csproj", "{29D5F134-19DD-4CC9-AD29-32163FF1A8BD}"
EndProject
Project("{FAE04EC0-301F-11D3-BF4B-00C04F79EFBC}") = "Tyuiu.PlesovskikhBA.Sprint5.Task3.V14.Test", "Tyuiu.PlesovskikhBA.Sprint5.Task3.V14.Test\Tyuiu.PlesovskikhBA.Sprint5.Task3.V14.Test.csproj", "{CC6A7E8E-01B8-4B42-A0DE-35F149292D9F}"
EndProject
Project("{2150E333-8FDC-42A3-9474-1A3956D46DE8}") = "Task4", "Task4", "{3F068770-7A29-4392-AF1A-2D7A8427F831}"
EndProject
Project("{FAE04EC0-301F-11D3-BF4B-00C04F79EFBC}") = "Tyuiu.PlesovskikhBA.Sprint5.Task4.V6", "Tyuiu.PlesovskikhBA.Sprint5.Task4.V6\Tyuiu.PlesovskikhBA.Sprint5.Task4.V6.csproj", "{512E782A-3FA9-4FAF-A642-CA80560CC55D}"
EndProject
Project("{FAE04EC0-301F-11D3-BF4B-00C04F79EFBC}") = "Tyuiu.PlesovskikhBA.Sprint5.Task4.V6.Lib", "Tyuiu.PlesovskikhBA.Sprint5.Task4.V6.Lib\Tyuiu.PlesovskikhBA.Sprint5.Task4.V6.Lib.csproj", "{18D08DFC-1E47-4446-BD80-67F628D23249}"
EndProject
Project("{FAE04EC0-301F-11D3-BF4B-00C04F79EFBC}") = "Tyuiu.PlesovskikhBA.Sprint5.Task4.V6.Test", "Tyuiu.PlesovskikhBA.Sprint5.Task4.V6.Test\Tyuiu.PlesovskikhBA.Sprint5.Task4.V6.Test.csproj", "{CD6CDFCC-37E7-4280-9D48-27A9849B36B9}"
EndProject
Project("{2150E333-8FDC-42A3-9474-1A3956D46DE8}") = "Task5", "Task5", "{0AE70415-208E-45F2-807B-2BA17FDF7A41}"
EndProject
Project("{FAE04EC0-301F-11D3-BF4B-00C04F79EFBC}") = "Tyuiu.PlesovskikhBA.Sprint5.Task5.V21", "Tyuiu.PlesovskikhBA.Sprint5.Task5.V21\Tyuiu.PlesovskikhBA.Sprint5.Task5.V21.csproj", "{2E44E94C-13EF-401F-9813-1A7509CE0C35}"
EndProject
Project("{FAE04EC0-301F-11D3-BF4B-00C04F79EFBC}") = "Tyuiu.PlesovskikhBA.Sprint5.Task5.V21.Lib", "Tyuiu.PlesovskikhBA.Sprint5.Task5.V21.Lib\Tyuiu.PlesovskikhBA.Sprint5.Task5.V21.Lib.csproj", "{D9E578B0-8BBF-446E-8CD2-D181F02CAA7F}"
EndProject
Project("{FAE04EC0-301F-11D3-BF4B-00C04F79EFBC}") = "Tyuiu.PlesovskikhBA.Sprint5.Task5.V21.Test", "Tyuiu.PlesovskikhBA.Sprint5.Task5.V21.Test\Tyuiu.PlesovskikhBA.Sprint5.Task5.V21.Test.csproj", "{9616F435-9F2A-4B54-A8C9-BA3982E9F686}"
EndProject
Project("{2150E333-8FDC-42A3-9474-1A3956D46DE8}") = "Task6", "Task6", "{86CCA78D-AF1F-45D1-8FBC-1783F589EBCA}"
EndProject
Project("{FAE04EC0-301F-11D3-BF4B-00C04F79EFBC}") = "Tyuiu.PlesovskikhBA.Sprint5.Task6.V11", "Tyuiu.PlesovskikhBA.Sprint5.Task6.V11\Tyuiu.PlesovskikhBA.Sprint5.Task6.V11.csproj", "{0BF249CE-2E45-4324-B060-2FD81A570A49}"
EndProject
Project("{FAE04EC0-301F-11D3-BF4B-00C04F79EFBC}") = "Tyuiu.PlesovskikhBA.Sprint5.Task6.V11.Lib", "Tyuiu.PlesovskikhBA.Sprint5.Task6.V11.Lib\Tyuiu.PlesovskikhBA.Sprint5.Task6.V11.Lib.csproj", "{F74055E6-2BD7-4806-9908-4CFBD9A57FAE}"
EndProject
Project("{FAE04EC0-301F-11D3-BF4B-00C04F79EFBC}") = "Tyuiu.PlesovskikhBA.Sprint5.Task6.V11.Test", "Tyuiu.PlesovskikhBA.Sprint5.Task6.V11.Test\Tyuiu.PlesovskikhBA.Sprint5.Task6.V11.Test.csproj", "{7D595CC2-FA7D-4008-9AD7-79AFBEC8F4FD}"
EndProject
Global
	GlobalSection(SolutionConfigurationPlatforms) = preSolution
		Debug|Any CPU = Debug|Any CPU
		Release|Any CPU = Release|Any CPU
	EndGlobalSection
	GlobalSection(ProjectConfigurationPlatforms) = postSolution
		{18A83E81-4B74-4FAC-A8DE-4109B3B9C69F}.Debug|Any CPU.ActiveCfg = Debug|Any CPU
		{18A83E81-4B74-4FAC-A8DE-4109B3B9C69F}.Debug|Any CPU.Build.0 = Debug|Any CPU
		{18A83E81-4B74-4FAC-A8DE-4109B3B9C69F}.Release|Any CPU.ActiveCfg = Release|Any CPU
		{18A83E81-4B74-4FAC-A8DE-4109B3B9C69F}.Release|Any CPU.Build.0 = Release|Any CPU
		{51AC7362-4345-4783-B731-EB35E1C16945}.Debug|Any CPU.ActiveCfg = Debug|Any CPU
		{51AC7362-4345-4783-B731-EB35E1C16945}.Debug|Any CPU.Build.0 = Debug|Any CPU
		{51AC7362-4345-4783-B731-EB35E1C16945}.Release|Any CPU.ActiveCfg = Release|Any CPU
		{51AC7362-4345-4783-B731-EB35E1C16945}.Release|Any CPU.Build.0 = Release|Any CPU
		{4B78FDB9-9784-4080-9CF5-601C5E9AE7E4}.Debug|Any CPU.ActiveCfg = Debug|Any CPU
		{4B78FDB9-9784-4080-9CF5-601C5E9AE7E4}.Debug|Any CPU.Build.0 = Debug|Any CPU
		{4B78FDB9-9784-4080-9CF5-601C5E9AE7E4}.Release|Any CPU.ActiveCfg = Release|Any CPU
		{4B78FDB9-9784-4080-9CF5-601C5E9AE7E4}.Release|Any CPU.Build.0 = Release|Any CPU
		{E406B7E4-0D6E-46A5-AC15-2F6364A8D3B7}.Debug|Any CPU.ActiveCfg = Debug|Any CPU
		{E406B7E4-0D6E-46A5-AC15-2F6364A8D3B7}.Debug|Any CPU.Build.0 = Debug|Any CPU
		{E406B7E4-0D6E-46A5-AC15-2F6364A8D3B7}.Release|Any CPU.ActiveCfg = Release|Any CPU
		{E406B7E4-0D6E-46A5-AC15-2F6364A8D3B7}.Release|Any CPU.Build.0 = Release|Any CPU
		{69ABBFFA-C2DD-4A50-AE3D-38FE04B662C5}.Debug|Any CPU.ActiveCfg = Debug|Any CPU
		{69ABBFFA-C2DD-4A50-AE3D-38FE04B662C5}.Debug|Any CPU.Build.0 = Debug|Any CPU
		{69ABBFFA-C2DD-4A50-AE3D-38FE04B662C5}.Release|Any CPU.ActiveCfg = Release|Any CPU
		{69ABBFFA-C2DD-4A50-AE3D-38FE04B662C5}.Release|Any CPU.Build.0 = Release|Any CPU
		{235790AB-5FA6-4B9D-A318-113817711EE3}.Debug|Any CPU.ActiveCfg = Debug|Any CPU
		{235790AB-5FA6-4B9D-A318-113817711EE3}.Debug|Any CPU.Build.0 = Debug|Any CPU
		{235790AB-5FA6-4B9D-A318-113817711EE3}.Release|Any CPU.ActiveCfg = Release|Any CPU
		{235790AB-5FA6-4B9D-A318-113817711EE3}.Release|Any CPU.Build.0 = Release|Any CPU
		{1551F346-8F53-4D38-AB94-A3C5A6761829}.Debug|Any CPU.ActiveCfg = Debug|Any CPU
		{1551F346-8F53-4D38-AB94-A3C5A6761829}.Debug|Any CPU.Build.0 = Debug|Any CPU
		{1551F346-8F53-4D38-AB94-A3C5A6761829}.Release|Any CPU.ActiveCfg = Release|Any CPU
		{1551F346-8F53-4D38-AB94-A3C5A6761829}.Release|Any CPU.Build.0 = Release|Any CPU
		{A1AD432C-5336-4E30-9640-CD3B782D42A8}.Debug|Any CPU.ActiveCfg = Debug|Any CPU
		{A1AD432C-5336-4E30-9640-CD3B782D42A8}.Debug|Any CPU.Build.0 = Debug|Any CPU
		{A1AD432C-5336-4E30-9640-CD3B782D42A8}.Release|Any CPU.ActiveCfg = Release|Any CPU
		{A1AD432C-5336-4E30-9640-CD3B782D42A8}.Release|Any CPU.Build.0 = Release|Any CPU
		{25875062-8BC4-4982-9DCC-7D753C40E381}.Debug|Any CPU.ActiveCfg = Debug|Any CPU
		{25875062-8BC4-4982-9DCC-7D753C40E381}.Debug|Any CPU.Build.0 = Debug|Any CPU
		{25875062-8BC4-4982-9DCC-7D753C40E381}.Release|Any CPU.ActiveCfg = Release|Any CPU
		{25875062-8BC4-4982-9DCC-7D753C40E381}.Release|Any CPU.Build.0 = Release|Any CPU
		{F28AE8B8-9874-4E47-95CB-CD43AD7DDAED}.Debug|Any CPU.ActiveCfg = Debug|Any CPU
		{F28AE8B8-9874-4E47-95CB-CD43AD7DDAED}.Debug|Any CPU.Build.0 = Debug|Any CPU
		{F28AE8B8-9874-4E47-95CB-CD43AD7DDAED}.Release|Any CPU.ActiveCfg = Release|Any CPU
		{F28AE8B8-9874-4E47-95CB-CD43AD7DDAED}.Release|Any CPU.Build.0 = Release|Any CPU
		{29D5F134-19DD-4CC9-AD29-32163FF1A8BD}.Debug|Any CPU.ActiveCfg = Debug|Any CPU
		{29D5F134-19DD-4CC9-AD29-32163FF1A8BD}.Debug|Any CPU.Build.0 = Debug|Any CPU
		{29D5F134-19DD-4CC9-AD29-32163FF1A8BD}.Release|Any CPU.ActiveCfg = Release|Any CPU
		{29D5F134-19DD-4CC9-AD29-32163FF1A8BD}.Release|Any CPU.Build.0 = Release|Any CPU
		{CC6A7E8E-01B8-4B42-A0DE-35F149292D9F}.Debug|Any CPU.ActiveCfg = Debug|Any CPU
		{CC6A7E8E-01B8-4B42-A0DE-35F149292D9F}.Debug|Any CPU.Build.0 = Debug|Any CPU
		{CC6A7E8E-01B8-4B42-A0DE-35F149292D9F}.Release|Any CPU.ActiveCfg = Release|Any CPU
		{CC6A7E8E-01B8-4B42-A0DE-35F149292D9F}.Release|Any CPU.Build.0 = Release|Any CPU
		{512E782A-3FA9-4FAF-A642-CA80560CC55D}.Debug|Any CPU.ActiveCfg = Debug|Any CPU
		{512E782A-3FA9-4FAF-A642-CA80560CC55D}.Debug|Any CPU.Build.0 = Debug|Any CPU
		{512E782A-3FA9-4FAF-A642-CA80560CC55D}.Release|Any CPU.ActiveCfg = Release|Any CPU
		{512E782A-3FA9-4FAF-A642-CA80560CC55D}.Release|Any CPU.Build.0 = Release|Any CPU
		{18D08DFC-1E47-4446-BD80-67F628D23249}.Debug|Any CPU.ActiveCfg = Debug|Any CPU
		{18D08DFC-1E47-4446-BD80-67F628D23249}.Debug|Any CPU.Build.0 = Debug|Any CPU
		{18D08DFC-1E47-4446-BD80-67F628D23249}.Release|Any CPU.ActiveCfg = Release|Any CPU
		{18D08DFC-1E47-4446-BD80-67F628D23249}.Release|Any CPU.Build.0 = Release|Any CPU
		{CD6CDFCC-37E7-4280-9D48-27A9849B36B9}.Debug|Any CPU.ActiveCfg = Debug|Any CPU
		{CD6CDFCC-37E7-4280-9D48-27A9849B36B9}.Debug|Any CPU.Build.0 = Debug|Any CPU
		{CD6CDFCC-37E7-4280-9D48-27A9849B36B9}.Release|Any CPU.ActiveCfg = Release|Any CPU
		{CD6CDFCC-37E7-4280-9D48-27A9849B36B9}.Release|Any CPU.Build.0 = Release|Any CPU
		{2E44E94C-13EF-401F-9813-1A7509CE0C35}.Debug|Any CPU.ActiveCfg = Debug|Any CPU
		{2E44E94C-13EF-401F-9813-1A7509CE0C35}.Debug|Any CPU.Build.0 = Debug|Any CPU
		{2E44E94C-13EF-401F-9813-1A7509CE0C35}.Release|Any CPU.ActiveCfg = Release|Any CPU
		{2E44E94C-13EF-401F-9813-1A7509CE0C35}.Release|Any CPU.Build.0 = Release|Any CPU
		{D9E578B0-8BBF-446E-8CD2-D181F02CAA7F}.Debug|Any CPU.ActiveCfg = Debug|Any CPU
		{D9E578B0-8BBF-446E-8CD2-D181F02CAA7F}.Debug|Any CPU.Build.0 = Debug|Any CPU
		{D9E578B0-8BBF-446E-8CD2-D181F02CAA7F}.Release|Any CPU.ActiveCfg = Release|Any CPU
		{D9E578B0-8BBF-446E-8CD2-D181F02CAA7F}.Release|Any CPU.Build.0 = Release|Any CPU
		{9616F435-9F2A-4B54-A8C9-BA3982E9F686}.Debug|Any CPU.ActiveCfg = Debug|Any CPU
		{9616F435-9F2A-4B54-A8C9-BA3982E9F686}.Debug|Any CPU.Build.0 = Debug|Any CPU
		{9616F435-9F2A-4B54-A8C9-BA3982E9F686}.Release|Any CPU.ActiveCfg = Release|Any CPU
		{9616F435-9F2A-4B54-A8C9-BA3982E9F686}.Release|Any CPU.Build.0 = Release|Any CPU
		{0BF249CE-2E45-4324-B060-2FD81A570A49}.Debug|Any CPU.ActiveCfg = Debug|Any CPU
		{0BF249CE-2E45-4324-B060-2FD81A570A49}.Debug|Any CPU.Build.0 = Debug|Any CPU
		{0BF249CE-2E45-4324-B060-2FD81A570A49}.Release|Any CPU.ActiveCfg = Release|Any CPU
		{0BF249CE-2E45-4324-B060-2FD81A570A49}.Release|Any CPU.Build.0 = Release|Any CPU
		{F74055E6-2BD7-4806-9908-4CFBD9A57FAE}.Debug|Any CPU.ActiveCfg = Debug|Any CPU
		{F74055E6-2BD7-4806-9908-4CFBD9A57FAE}.Debug|Any CPU.Build.0 = Debug|Any CPU
		{F74055E6-2BD7-4806-9908-4CFBD9A57FAE}.Release|Any CPU.ActiveCfg = Release|Any CPU
		{F74055E6-2BD7-4806-9908-4CFBD9A57FAE}.Release|Any CPU.Build.0 = Release|Any CPU
		{7D595CC2-FA7D-4008-9AD7-79AFBEC8F4FD}.Debug|Any CPU.ActiveCfg = Debug|Any CPU
		{7D595CC2-FA7D-4008-9AD7-79AFBEC8F4FD}.Debug|Any CPU.Build.0 = Debug|Any CPU
		{7D595CC2-FA7D-4008-9AD7-79AFBEC8F4FD}.Release|Any CPU.ActiveCfg = Release|Any CPU
		{7D595CC2-FA7D-4008-9AD7-79AFBEC8F4FD}.Release|Any CPU.Build.0 = Release|Any CPU
	EndGlobalSection
	GlobalSection(SolutionProperties) = preSolution
		HideSolutionNode = FALSE
	EndGlobalSection
	GlobalSection(NestedProjects) = preSolution
		{18A83E81-4B74-4FAC-A8DE-4109B3B9C69F} = {02EA681E-C7D8-13C7-8484-4AC65E1B71E8}
		{51AC7362-4345-4783-B731-EB35E1C16945} = {02EA681E-C7D8-13C7-8484-4AC65E1B71E8}
		{4B78FDB9-9784-4080-9CF5-601C5E9AE7E4} = {02EA681E-C7D8-13C7-8484-4AC65E1B71E8}
		{E406B7E4-0D6E-46A5-AC15-2F6364A8D3B7} = {5BEB93C1-2019-423A-ADB0-6C972666FAEF}
		{69ABBFFA-C2DD-4A50-AE3D-38FE04B662C5} = {5BEB93C1-2019-423A-ADB0-6C972666FAEF}
		{235790AB-5FA6-4B9D-A318-113817711EE3} = {5BEB93C1-2019-423A-ADB0-6C972666FAEF}
		{1551F346-8F53-4D38-AB94-A3C5A6761829} = {69C3C67A-E7C6-451E-8E45-B56F5821C727}
		{A1AD432C-5336-4E30-9640-CD3B782D42A8} = {69C3C67A-E7C6-451E-8E45-B56F5821C727}
		{25875062-8BC4-4982-9DCC-7D753C40E381} = {69C3C67A-E7C6-451E-8E45-B56F5821C727}
		{F28AE8B8-9874-4E47-95CB-CD43AD7DDAED} = {3E4BA22C-FA98-437A-8807-75F79140102B}
		{29D5F134-19DD-4CC9-AD29-32163FF1A8BD} = {3E4BA22C-FA98-437A-8807-75F79140102B}
		{CC6A7E8E-01B8-4B42-A0DE-35F149292D9F} = {3E4BA22C-FA98-437A-8807-75F79140102B}
		{512E782A-3FA9-4FAF-A642-CA80560CC55D} = {3F068770-7A29-4392-AF1A-2D7A8427F831}
		{18D08DFC-1E47-4446-BD80-67F628D23249} = {3F068770-7A29-4392-AF1A-2D7A8427F831}
		{CD6CDFCC-37E7-4280-9D48-27A9849B36B9} = {3F068770-7A29-4392-AF1A-2D7A8427F831}
		{2E44E94C-13EF-401F-9813-1A7509CE0C35} = {0AE70415-208E-45F2-807B-2BA17FDF7A41}
		{D9E578B0-8BBF-446E-8CD2-D181F02CAA7F} = {0AE70415-208E-45F2-807B-2BA17FDF7A41}
		{9616F435-9F2A-4B54-A8C9-BA3982E9F686} = {0AE70415-208E-45F2-807B-2BA17FDF7A41}
		{0BF249CE-2E45-4324-B060-2FD81A570A49} = {86CCA78D-AF1F-45D1-8FBC-1783F589EBCA}
		{F74055E6-2BD7-4806-9908-4CFBD9A57FAE} = {86CCA78D-AF1F-45D1-8FBC-1783F589EBCA}
		{7D595CC2-FA7D-4008-9AD7-79AFBEC8F4FD} = {86CCA78D-AF1F-45D1-8FBC-1783F589EBCA}
	EndGlobalSection
	GlobalSection(ExtensibilityGlobals) = postSolution
		SolutionGuid = {7D00E09D-B8B7-4A98-AC20-4665257661E1}
	EndGlobalSection
EndGlobal
